
Microsoft Visual Studio Solution File, Format Version 12.00
# Visual Studio 15
VisualStudioVersion = 15.0.28307.902
MinimumVisualStudioVersion = 10.0.40219.1
Project("{8BC9CEB8-8B4A-11D0-8D11-00A0C91BC942}") = "ny-lab7", "ny-lab7\ny-lab7.vcxproj", "{CDA42415-087F-416B-AD18-0FE50E938545}"
EndProject
Global
	GlobalSection(SolutionConfigurationPlatforms) = preSolution
		Debug|x64 = Debug|x64
		Debug|x86 = Debug|x86
		Release|x64 = Release|x64
		Release|x86 = Release|x86
	EndGlobalSection
	GlobalSection(ProjectConfigurationPlatforms) = postSolution
		{CDA42415-087F-416B-AD18-0FE50E938545}.Debug|x64.ActiveCfg = Debug|x64
		{CDA42415-087F-416B-AD18-0FE50E938545}.Debug|x64.Build.0 = Debug|x64
		{CDA42415-087F-416B-AD18-0FE50E938545}.Debug|x86.ActiveCfg = Debug|Win32
		{CDA42415-087F-416B-AD18-0FE50E938545}.Debug|x86.Build.0 = Debug|Win32
		{CDA42415-087F-416B-AD18-0FE50E938545}.Release|x64.ActiveCfg = Release|x64
		{CDA42415-087F-416B-AD18-0FE50E938545}.Release|x64.Build.0 = Release|x64
		{CDA42415-087F-416B-AD18-0FE50E938545}.Release|x86.ActiveCfg = Release|Win32
		{CDA42415-087F-416B-AD18-0FE50E938545}.Release|x86.Build.0 = Release|Win32
	EndGlobalSection
	GlobalSection(SolutionProperties) = preSolution
		HideSolutionNode = FALSE
	EndGlobalSection
	GlobalSection(ExtensibilityGlobals) = postSolution
		SolutionGuid = {C53BE3A7-0E50-4F6B-891F-114A69BC0C85}
	EndGlobalSection
EndGlobal
